{
  "originHash" : "8bef64a91dfa27677ca8a12be06c3c8b833b3a9eb561551ac526f7935850fb44",
  "pins" : [
    {
      "identity" : "google-gateway-auth",
      "kind" : "remoteSourceControl",
      "location" : "https://github.com/tacogips/google-gateway-auth.git",
      "state" : {
        "revision" : "13c40e24b11da9bab17046a918630fbb6aa6c147"
      }
    },
    {
      "identity" : "swift-asn1",
      "kind" : "remoteSourceControl",
      "location" : "https://github.com/apple/swift-asn1.git",
      "state" : {
        "revision" : "a9a5efd40eaf558a2bcd48d64b1d1646be686008",
        "version" : "1.7.1"
      }
    },
    {
      "identity" : "swift-crypto",
      "kind" : "remoteSourceControl",
      "location" : "https://github.com/apple/swift-crypto.git",
      "state" : {
        "revision" : "47d3869a7291f085c1fb9fb1e6d3b97a793f45c6",
        "version" : "4.5.1"
      }
    }
  ],
  "version" : 3
}
